
Microsoft Visual Studio Solution File, Format Version 12.00
# Visual Studio Version 16
VisualStudioVersion = 16.0.30804.86
MinimumVisualStudioVersion = 10.0.40219.1
Project("{9A19103F-16F7-4668-BE54-9A1E7A4F7556}") = "VacaySoft.Api", "src\VacaySoft.Api\VacaySoft.Api.csproj", "{7BB46F8B-3A6B-4A06-9BA4-10452F3CB1A8}"
EndProject
Project("{2150E333-8FDC-42A3-9474-1A3956D46DE8}") = "src", "src", "{8D4F4959-E15D-4131-B3A1-3AACAA5EDE5B}"
EndProject
Project("{2150E333-8FDC-42A3-9474-1A3956D46DE8}") = "tests", "tests", "{353A90D5-3996-47C7-BBFF-BADDEFD386B6}"
EndProject
Project("{9A19103F-16F7-4668-BE54-9A1E7A4F7556}") = "VacaySoft.Api.Tests", "tests\VacaySoft.Api.Tests\VacaySoft.Api.Tests.csproj", "{34B5976F-4D96-4077-B7BD-AB49BB989FD5}"
EndProject
Project("{FAE04EC0-301F-11D3-BF4B-00C04F79EFBC}") = "VacaySoft.Domain", "src\VacaySoft.Domain\VacaySoft.Domain.csproj", "{323C0752-7AF6-48ED-95DA-A680D07B57DC}"
EndProject
Project("{FAE04EC0-301F-11D3-BF4B-00C04F79EFBC}") = "VacaySoft.Application", "src\VacaySoft.Application\VacaySoft.Application.csproj", "{AEBEB5EB-E53D-4B11-9631-85D61484551D}"
EndProject
Project("{FAE04EC0-301F-11D3-BF4B-00C04F79EFBC}") = "VacaySoft.Infrastructure", "src\VacaySoft.Infrastructure\VacaySoft.Infrastructure.csproj", "{BD056786-5067-4F35-A38F-6297679FCCB3}"
EndProject
Project("{FAE04EC0-301F-11D3-BF4B-00C04F79EFBC}") = "VacaySoft.Application.Tests", "tests\VacaySoft.Application.Tests\VacaySoft.Application.Tests.csproj", "{AA8844C1-E588-44B5-9F07-91EE654FB236}"
EndProject
Project("{FAE04EC0-301F-11D3-BF4B-00C04F79EFBC}") = "VacaySoft.Domain.Tests", "tests\VacaySoft.Domain.Tests\VacaySoft.Domain.Tests.csproj", "{431A9F30-A870-4AE7-963C-D3A87E654CF8}"
EndProject
Project("{FAE04EC0-301F-11D3-BF4B-00C04F79EFBC}") = "VacaySoft.Infrastructure.Tests", "tests\VacaySoft.Infrastructure.Tests\VacaySoft.Infrastructure.Tests.csproj", "{4114689D-5CD5-4045-AE20-FF20798F3539}"
EndProject
Global
	GlobalSection(SolutionConfigurationPlatforms) = preSolution
		Debug|Any CPU = Debug|Any CPU
		Release|Any CPU = Release|Any CPU
	EndGlobalSection
	GlobalSection(ProjectConfigurationPlatforms) = postSolution
		{7BB46F8B-3A6B-4A06-9BA4-10452F3CB1A8}.Debug|Any CPU.ActiveCfg = Debug|Any CPU
		{7BB46F8B-3A6B-4A06-9BA4-10452F3CB1A8}.Debug|Any CPU.Build.0 = Debug|Any CPU
		{7BB46F8B-3A6B-4A06-9BA4-10452F3CB1A8}.Release|Any CPU.ActiveCfg = Release|Any CPU
		{7BB46F8B-3A6B-4A06-9BA4-10452F3CB1A8}.Release|Any CPU.Build.0 = Release|Any CPU
		{34B5976F-4D96-4077-B7BD-AB49BB989FD5}.Debug|Any CPU.ActiveCfg = Debug|Any CPU
		{34B5976F-4D96-4077-B7BD-AB49BB989FD5}.Debug|Any CPU.Build.0 = Debug|Any CPU
		{34B5976F-4D96-4077-B7BD-AB49BB989FD5}.Release|Any CPU.ActiveCfg = Release|Any CPU
		{34B5976F-4D96-4077-B7BD-AB49BB989FD5}.Release|Any CPU.Build.0 = Release|Any CPU
		{323C0752-7AF6-48ED-95DA-A680D07B57DC}.Debug|Any CPU.ActiveCfg = Debug|Any CPU
		{323C0752-7AF6-48ED-95DA-A680D07B57DC}.Debug|Any CPU.Build.0 = Debug|Any CPU
		{323C0752-7AF6-48ED-95DA-A680D07B57DC}.Release|Any CPU.ActiveCfg = Release|Any CPU
		{323C0752-7AF6-48ED-95DA-A680D07B57DC}.Release|Any CPU.Build.0 = Release|Any CPU
		{AEBEB5EB-E53D-4B11-9631-85D61484551D}.Debug|Any CPU.ActiveCfg = Debug|Any CPU
		{AEBEB5EB-E53D-4B11-9631-85D61484551D}.Debug|Any CPU.Build.0 = Debug|Any CPU
		{AEBEB5EB-E53D-4B11-9631-85D61484551D}.Release|Any CPU.ActiveCfg = Release|Any CPU
		{AEBEB5EB-E53D-4B11-9631-85D61484551D}.Release|Any CPU.Build.0 = Release|Any CPU
		{BD056786-5067-4F35-A38F-6297679FCCB3}.Debug|Any CPU.ActiveCfg = Debug|Any CPU
		{BD056786-5067-4F35-A38F-6297679FCCB3}.Debug|Any CPU.Build.0 = Debug|Any CPU
		{BD056786-5067-4F35-A38F-6297679FCCB3}.Release|Any CPU.ActiveCfg = Release|Any CPU
		{BD056786-5067-4F35-A38F-6297679FCCB3}.Release|Any CPU.Build.0 = Release|Any CPU
		{AA8844C1-E588-44B5-9F07-91EE654FB236}.Debug|Any CPU.ActiveCfg = Debug|Any CPU
		{AA8844C1-E588-44B5-9F07-91EE654FB236}.Debug|Any CPU.Build.0 = Debug|Any CPU
		{AA8844C1-E588-44B5-9F07-91EE654FB236}.Release|Any CPU.ActiveCfg = Release|Any CPU
		{AA8844C1-E588-44B5-9F07-91EE654FB236}.Release|Any CPU.Build.0 = Release|Any CPU
		{431A9F30-A870-4AE7-963C-D3A87E654CF8}.Debug|Any CPU.ActiveCfg = Debug|Any CPU
		{431A9F30-A870-4AE7-963C-D3A87E654CF8}.Debug|Any CPU.Build.0 = Debug|Any CPU
		{431A9F30-A870-4AE7-963C-D3A87E654CF8}.Release|Any CPU.ActiveCfg = Release|Any CPU
		{431A9F30-A870-4AE7-963C-D3A87E654CF8}.Release|Any CPU.Build.0 = Release|Any CPU
		{4114689D-5CD5-4045-AE20-FF20798F3539}.Debug|Any CPU.ActiveCfg = Debug|Any CPU
		{4114689D-5CD5-4045-AE20-FF20798F3539}.Debug|Any CPU.Build.0 = Debug|Any CPU
		{4114689D-5CD5-4045-AE20-FF20798F3539}.Release|Any CPU.ActiveCfg = Release|Any CPU
		{4114689D-5CD5-4045-AE20-FF20798F3539}.Release|Any CPU.Build.0 = Release|Any CPU
	EndGlobalSection
	GlobalSection(SolutionProperties) = preSolution
		HideSolutionNode = FALSE
	EndGlobalSection
	GlobalSection(NestedProjects) = preSolution
		{7BB46F8B-3A6B-4A06-9BA4-10452F3CB1A8} = {8D4F4959-E15D-4131-B3A1-3AACAA5EDE5B}
		{34B5976F-4D96-4077-B7BD-AB49BB989FD5} = {353A90D5-3996-47C7-BBFF-BADDEFD386B6}
		{323C0752-7AF6-48ED-95DA-A680D07B57DC} = {8D4F4959-E15D-4131-B3A1-3AACAA5EDE5B}
		{AEBEB5EB-E53D-4B11-9631-85D61484551D} = {8D4F4959-E15D-4131-B3A1-3AACAA5EDE5B}
		{BD056786-5067-4F35-A38F-6297679FCCB3} = {8D4F4959-E15D-4131-B3A1-3AACAA5EDE5B}
		{AA8844C1-E588-44B5-9F07-91EE654FB236} = {353A90D5-3996-47C7-BBFF-BADDEFD386B6}
		{431A9F30-A870-4AE7-963C-D3A87E654CF8} = {353A90D5-3996-47C7-BBFF-BADDEFD386B6}
		{4114689D-5CD5-4045-AE20-FF20798F3539} = {353A90D5-3996-47C7-BBFF-BADDEFD386B6}
	EndGlobalSection
	GlobalSection(ExtensibilityGlobals) = postSolution
		SolutionGuid = {5937E754-00D1-43FA-930B-3A5CAB537133}
	EndGlobalSection
EndGlobal
